<?xml version="1.0" encoding="utf-8"?>
<Project ToolsVersion="4.0" xmlns="http://schemas.microsoft.com/developer/msbuild/2003">
  <ItemGroup>
    <Filter Include="源文件">
      <UniqueIdentifier>{4FC737F1-C7A5-4376-A066-2A32D752A2FF}</UniqueIdentifier>
      <Extensions>cpp;c;cc;cxx;c++;cppm;ixx;def;odl;idl;hpj;bat;asm;asmx</Extensions>
    </Filter>
    <Filter Include="头文件">
      <UniqueIdentifier>{93995380-89BD-4b04-88EB-625FBE52EBFB}</UniqueIdentifier>
      <Extensions>h;hh;hpp;hxx;h++;hm;inl;inc;ipp;xsd</Extensions>
    </Filter>
    <Filter Include="资源文件">
      <UniqueIdentifier>{67DA6AB6-F800-4c08-8B7A-83BB121AAD01}</UniqueIdentifier>
      <Extensions>rc;ico;cur;bmp;dlg;rc2;rct;bin;rgs;gif;jpg;jpeg;jpe;resx;tiff;tif;png;wav;mfcribbon-ms</Extensions>
    </Filter>
  </ItemGroup>
  <ItemGroup>
    <ClCompile Include="taxt_01.cpp">
      <Filter>源文件</Filter>
    </ClCompile>
    <ClCompile Include="taxt_02.cpp">
      <Filter>源文件</Filter>
    </ClCompile>
    <ClCompile Include="taxt_03.cpp">
      <Filter>源文件</Filter>
    </ClCompile>
    <ClCompile Include="taxt_04.cpp">
      <Filter>源文件</Filter>
    </ClCompile>
    <ClCompile Include="taxt_05.cpp">
      <Filter>源文件</Filter>
    </ClCompile>
    <ClCompile Include="taxt_06_sizeof关键字.cpp">
      <Filter>源文件</Filter>
    </ClCompile>
    <ClCompile Include="taxt_07实型(浮点型).cpp">
      <Filter>源文件</Filter>
    </ClCompile>
    <ClCompile Include="taxt_08字符型.cpp">
      <Filter>源文件</Filter>
    </ClCompile>
    <ClCompile Include="taxt_09转义字符.cpp">
      <Filter>源文件</Filter>
    </ClCompile>
    <ClCompile Include="taxt_10字符串型.cpp">
      <Filter>源文件</Filter>
    </ClCompile>
    <ClCompile Include="taxt_11布尔类型.cpp">
      <Filter>源文件</Filter>
    </ClCompile>
    <ClCompile Include="taxt_12数据的输入.cpp">
      <Filter>源文件</Filter>
    </ClCompile>
    <ClCompile Include="taxt_13运算符.cpp">
      <Filter>源文件</Filter>
    </ClCompile>
    <ClCompile Include="taxt_14赋值运算符.cpp">
      <Filter>源文件</Filter>
    </ClCompile>
    <ClCompile Include="taxt_15比较运算符.cpp">
      <Filter>源文件</Filter>
    </ClCompile>
    <ClCompile Include="taxt_16逻辑运算符.cpp">
      <Filter>源文件</Filter>
    </ClCompile>
    <ClCompile Include="taxt_17选择结构-if语句.cpp">
      <Filter>源文件</Filter>
    </ClCompile>
    <ClCompile Include="taxt_18三目运算符.cpp">
      <Filter>源文件</Filter>
    </ClCompile>
    <ClCompile Include="taxt_19switch语句.cpp">
      <Filter>源文件</Filter>
    </ClCompile>
    <ClCompile Include="taxt_20while循环语句.cpp">
      <Filter>源文件</Filter>
    </ClCompile>
    <ClCompile Include="taxt_21while循环猜数字.cpp">
      <Filter>源文件</Filter>
    </ClCompile>
    <ClCompile Include="taxt_22do-while循环语句.cpp">
      <Filter>源文件</Filter>
    </ClCompile>
    <ClCompile Include="taxt_23do_while水仙花案例.cpp">
      <Filter>源文件</Filter>
    </ClCompile>
    <ClCompile Include="taxt_24for循环语句.cpp">
      <Filter>源文件</Filter>
    </ClCompile>
    <ClCompile Include="taxt_25嵌套循环.cpp">
      <Filter>源文件</Filter>
    </ClCompile>
    <ClCompile Include="taxt_26for循环打印乘法口诀表.cpp">
      <Filter>源文件</Filter>
    </ClCompile>
    <ClCompile Include="taxt_27跳转语句break的使用.cpp">
      <Filter>源文件</Filter>
    </ClCompile>
    <ClCompile Include="taxt_28跳转语句continue的使用.cpp">
      <Filter>源文件</Filter>
    </ClCompile>
    <ClCompile Include="taxt_29跳转语句goto的使用.cpp">
      <Filter>源文件</Filter>
    </ClCompile>
    <ClCompile Include="taxt_30一维数组的定义.cpp">
      <Filter>源文件</Filter>
    </ClCompile>
    <ClCompile Include="taxt_31一维数组的数组名.cpp">
      <Filter>源文件</Filter>
    </ClCompile>
    <ClCompile Include="taxt_32五只小猪称体重.cpp">
      <Filter>源文件</Filter>
    </ClCompile>
    <ClCompile Include="taxt_33数组元素逆置案例.cpp">
      <Filter>源文件</Filter>
    </ClCompile>
    <ClCompile Include="taxt_34冒泡排序案例.cpp">
      <Filter>源文件</Filter>
    </ClCompile>
    <ClCompile Include="taxt_35二维数组.cpp">
      <Filter>源文件</Filter>
    </ClCompile>
    <ClCompile Include="taxt_36二维数组数组名.cpp">
      <Filter>源文件</Filter>
    </ClCompile>
    <ClCompile Include="taxt_37二维数组的应用案例.cpp">
      <Filter>源文件</Filter>
    </ClCompile>
    <ClCompile Include="taxt_38函数的定义.cpp">
      <Filter>源文件</Filter>
    </ClCompile>
    <ClCompile Include="taxt_39函数的调用.cpp">
      <Filter>源文件</Filter>
    </ClCompile>
    <ClCompile Include="taxt_40值传递.cpp">
      <Filter>源文件</Filter>
    </ClCompile>
    <ClCompile Include="taxt_41函数的常见样式.cpp">
      <Filter>源文件</Filter>
    </ClCompile>
    <ClCompile Include="taxt_42函数的声明.cpp">
      <Filter>源文件</Filter>
    </ClCompile>
    <ClCompile Include="taxt_43函数的分文件编写.cpp">
      <Filter>源文件</Filter>
    </ClCompile>
    <ClCompile Include="taxt_43函数分文件的分文件swap1.cpp">
      <Filter>源文件</Filter>
    </ClCompile>
    <ClCompile Include="taxt_44指针变量的定义和使用.cpp">
      <Filter>源文件</Filter>
    </ClCompile>
    <ClCompile Include="taxt_45指针所占内存空间.cpp">
      <Filter>源文件</Filter>
    </ClCompile>
    <ClCompile Include="taxt_46空指针和野指针.cpp">
      <Filter>源文件</Filter>
    </ClCompile>
    <ClCompile Include="taxt_47const修饰指针.cpp">
      <Filter>源文件</Filter>
    </ClCompile>
    <ClCompile Include="taxt_48指针和数组.cpp">
      <Filter>源文件</Filter>
    </ClCompile>
    <ClCompile Include="taxt_49指针和函数.cpp">
      <Filter>源文件</Filter>
    </ClCompile>
    <ClCompile Include="taxt_50指针数组函数案例.cpp">
      <Filter>源文件</Filter>
    </ClCompile>
    <ClCompile Include="taxt_51结构体定义和使用.cpp">
      <Filter>源文件</Filter>
    </ClCompile>
    <ClCompile Include="taxt_52结构体数组.cpp">
      <Filter>源文件</Filter>
    </ClCompile>
    <ClCompile Include="taxt_53结构体指针.cpp">
      <Filter>源文件</Filter>
    </ClCompile>
    <ClCompile Include="taxt_54结构体嵌套结构体.cpp">
      <Filter>源文件</Filter>
    </ClCompile>
    <ClCompile Include="taxt_55结构体做函数参数.cpp">
      <Filter>源文件</Filter>
    </ClCompile>
    <ClCompile Include="taxt_56结构体中const使用场景.cpp">
      <Filter>源文件</Filter>
    </ClCompile>
    <ClCompile Include="taxt_57结构体案例1.cpp">
      <Filter>源文件</Filter>
    </ClCompile>
    <ClCompile Include="taxt_58复习结构体1.cpp">
      <Filter>源文件</Filter>
    </ClCompile>
    <ClCompile Include="taxt_59结构体案例2.cpp">
      <Filter>源文件</Filter>
    </ClCompile>
    <ClCompile Include="taxt_60复习结构体2.cpp">
      <Filter>源文件</Filter>
    </ClCompile>
    <ClCompile Include="taxt_61内存分区模型_全局区.cpp">
      <Filter>源文件</Filter>
    </ClCompile>
    <ClCompile Include="taxt_62栈区.cpp">
      <Filter>源文件</Filter>
    </ClCompile>
    <ClCompile Include="taxt_63堆区.cpp">
      <Filter>源文件</Filter>
    </ClCompile>
    <ClCompile Include="taxt_64引用.cpp">
      <Filter>源文件</Filter>
    </ClCompile>
    <ClCompile Include="taxt_65引用做函数参数.cpp">
      <Filter>源文件</Filter>
    </ClCompile>
    <ClCompile Include="taxt_66引用做函数返回值.cpp">
      <Filter>源文件</Filter>
    </ClCompile>
    <ClCompile Include="taxt_67引用的本质.cpp">
      <Filter>源文件</Filter>
    </ClCompile>
    <ClCompile Include="taxt_68常量引用.cpp">
      <Filter>源文件</Filter>
    </ClCompile>
    <ClCompile Include="taxt_69函数默认参数.cpp">
      <Filter>源文件</Filter>
    </ClCompile>
    <ClCompile Include="taxt_70函数占位参数.cpp">
      <Filter>源文件</Filter>
    </ClCompile>
    <ClCompile Include="taxt_71函数重载语法.cpp">
      <Filter>源文件</Filter>
    </ClCompile>
    <ClCompile Include="taxt_72函数重载注意事项.cpp">
      <Filter>源文件</Filter>
    </ClCompile>
    <ClCompile Include="taxt_73封装的意义.cpp">
      <Filter>源文件</Filter>
    </ClCompile>
    <ClCompile Include="taxt_74封装案例.cpp">
      <Filter>源文件</Filter>
    </ClCompile>
    <ClCompile Include="taxt_75封装的权限.cpp">
      <Filter>源文件</Filter>
    </ClCompile>
    <ClCompile Include="taxt_76struct和class的区别.cpp">
      <Filter>源文件</Filter>
    </ClCompile>
    <ClCompile Include="taxt_77成员属性设置为私有.cpp">
      <Filter>源文件</Filter>
    </ClCompile>
    <ClCompile Include="taxt_78封装案例-立方体.cpp">
      <Filter>源文件</Filter>
    </ClCompile>
    <ClCompile Include="taxt_79封装案例-点和圆的关系.cpp">
      <Filter>源文件</Filter>
    </ClCompile>
    <ClCompile Include="taxt_79点和圆的point的源文件.cpp">
      <Filter>源文件</Filter>
    </ClCompile>
    <ClCompile Include="taxt_79点和圆的Circle的源文件.cpp">
      <Filter>源文件</Filter>
    </ClCompile>
    <ClCompile Include="taxt_80构造函数和析构函数.cpp">
      <Filter>源文件</Filter>
    </ClCompile>
    <ClCompile Include="taxt_81构造函数的分类及调用.cpp">
      <Filter>源文件</Filter>
    </ClCompile>
    <ClCompile Include="taxt_82拷贝构造函数调用时机.cpp">
      <Filter>源文件</Filter>
    </ClCompile>
    <ClCompile Include="taxt_83构造函数的调用规则.cpp">
      <Filter>源文件</Filter>
    </ClCompile>
    <ClCompile Include="taxt_84深拷贝和浅拷贝.cpp">
      <Filter>源文件</Filter>
    </ClCompile>
    <ClCompile Include="taxt_85初始化列表.cpp">
      <Filter>源文件</Filter>
    </ClCompile>
    <ClCompile Include="taxt_86类对象作为类成员.cpp">
      <Filter>源文件</Filter>
    </ClCompile>
    <ClCompile Include="taxt_87静态成员变量.cpp">
      <Filter>源文件</Filter>
    </ClCompile>
    <ClCompile Include="taxt_88静态成员函数.cpp">
      <Filter>源文件</Filter>
    </ClCompile>
    <ClCompile Include="taxt_89成员变量和成员函数分开储存.cpp">
      <Filter>源文件</Filter>
    </ClCompile>
    <ClCompile Include="taxt_90this指针的使用.cpp">
      <Filter>源文件</Filter>
    </ClCompile>
    <ClCompile Include="taxt_91空指针调用成员函数.cpp">
      <Filter>源文件</Filter>
    </ClCompile>
    <ClCompile Include="taxt_92const修饰成员函数.cpp">
      <Filter>源文件</Filter>
    </ClCompile>
    <ClCompile Include="taxt_93全局函数做友元.cpp">
      <Filter>源文件</Filter>
    </ClCompile>
    <ClCompile Include="taxt_94类做友元.cpp">
      <Filter>源文件</Filter>
    </ClCompile>
    <ClCompile Include="taxt_95成员函数做友元.cpp">
      <Filter>源文件</Filter>
    </ClCompile>
    <ClCompile Include="taxt_96加号运算符重载.cpp">
      <Filter>源文件</Filter>
    </ClCompile>
    <ClCompile Include="taxt_97左移运算符重载.cpp">
      <Filter>源文件</Filter>
    </ClCompile>
    <ClCompile Include="taxt_98递增运算符重载.cpp">
      <Filter>源文件</Filter>
    </ClCompile>
    <ClCompile Include="taxt_99赋值运算符重载.cpp">
      <Filter>源文件</Filter>
    </ClCompile>
    <ClCompile Include="taxt_100关系运算符重载.cpp">
      <Filter>源文件</Filter>
    </ClCompile>
    <ClCompile Include="taxt_101函数调用运算符重载.cpp">
      <Filter>源文件</Filter>
    </ClCompile>
    <ClCompile Include="taxt_102继承的基本语法.cpp">
      <Filter>源文件</Filter>
    </ClCompile>
    <ClCompile Include="taxt_103继承方式.cpp">
      <Filter>源文件</Filter>
    </ClCompile>
    <ClCompile Include="taxt_104继承中的对象模型.cpp">
      <Filter>源文件</Filter>
    </ClCompile>
    <ClCompile Include="taxt_105继承中的构造和析构顺序.cpp">
      <Filter>源文件</Filter>
    </ClCompile>
    <ClCompile Include="taxt_106继承同名成员处理方式.cpp">
      <Filter>源文件</Filter>
    </ClCompile>
    <ClCompile Include="taxt_107继承中的同名静态成员处理.cpp">
      <Filter>源文件</Filter>
    </ClCompile>
    <ClCompile Include="taxt_108多继承语法.cpp">
      <Filter>源文件</Filter>
    </ClCompile>
    <ClCompile Include="taxt_109菱形继承.cpp">
      <Filter>源文件</Filter>
    </ClCompile>
    <ClCompile Include="taxt_110多态基本概念.cpp">
      <Filter>源文件</Filter>
    </ClCompile>
    <ClCompile Include="taxt_111多态实现-计算器案例.cpp">
      <Filter>源文件</Filter>
    </ClCompile>
    <ClCompile Include="taxt_112纯虚函数和抽象类.cpp">
      <Filter>源文件</Filter>
    </ClCompile>
    <ClCompile Include="taxt_113多态案例-饮品制作.cpp">
      <Filter>源文件</Filter>
    </ClCompile>
    <ClCompile Include="taxt_114虚析构和纯虚析构.cpp">
      <Filter>源文件</Filter>
    </ClCompile>
    <ClCompile Include="taxt_115多态案例-电脑组装.cpp">
      <Filter>源文件</Filter>
    </ClCompile>
    <ClCompile Include="taxt_116文本文件-写文件.cpp">
      <Filter>源文件</Filter>
    </ClCompile>
    <ClCompile Include="taxt_117文本文件-读文件.cpp">
      <Filter>源文件</Filter>
    </ClCompile>
    <ClCompile Include="taxt_118二进制文件-写文件.cpp">
      <Filter>源文件</Filter>
    </ClCompile>
    <ClCompile Include="taxt_119二进制方式-读文件.cpp">
      <Filter>源文件</Filter>
    </ClCompile>
  </ItemGroup>
  <ItemGroup>
    <ClInclude Include="taxt_43函数的分文件的头文件swap1.h">
      <Filter>头文件</Filter>
    </ClInclude>
    <ClInclude Include="taxt_79点和圆的头文件point.h">
      <Filter>头文件</Filter>
    </ClInclude>
    <ClInclude Include="taxt_79点和圆的头文件Circle.h">
      <Filter>头文件</Filter>
    </ClInclude>
  </ItemGroup>
</Project>